
Microsoft Visual Studio Solution File, Format Version 12.00
# Visual Studio Version 17
VisualStudioVersion = 17.2.32616.157
MinimumVisualStudioVersion = 10.0.40219.1
Project("{FAE04EC0-301F-11D3-BF4B-00C04F79EFBC}") = "Progress.Finance.API", "Progress.Finance.API\Progress.Finance.API.csproj", "{66B22279-5FE0-4B28-9D02-C80089ABEE01}"
EndProject
Global
	GlobalSection(SolutionConfigurationPlatforms) = preSolution
		Debug|Any CPU = Debug|Any CPU
		Release|Any CPU = Release|Any CPU
	EndGlobalSection
	GlobalSection(ProjectConfigurationPlatforms) = postSolution
		{66B22279-5FE0-4B28-9D02-C80089ABEE01}.Debug|Any CPU.ActiveCfg = Debug|Any CPU
		{66B22279-5FE0-4B28-9D02-C80089ABEE01}.Debug|Any CPU.Build.0 = Debug|Any CPU
		{66B22279-5FE0-4B28-9D02-C80089ABEE01}.Release|Any CPU.ActiveCfg = Release|Any CPU
		{66B22279-5FE0-4B28-9D02-C80089ABEE01}.Release|Any CPU.Build.0 = Release|Any CPU
	EndGlobalSection
	GlobalSection(SolutionProperties) = preSolution
		HideSolutionNode = FALSE
	EndGlobalSection
	GlobalSection(ExtensibilityGlobals) = postSolution
		SolutionGuid = {265987A5-4EE6-4E06-947A-C284E4E1E6F4}
	EndGlobalSection
EndGlobal
